
Microsoft Visual Studio Solution File, Format Version 12.00
# Visual Studio 15
VisualStudioVersion = 15.0.28307.271
MinimumVisualStudioVersion = 10.0.40219.1
Project("{FAE04EC0-301F-11D3-BF4B-00C04F79EFBC}") = "engage-sample-cs-console", "engage-sample-cs-console.csproj", "{97132161-4682-4265-823F-DAD72C61A8FE}"
EndProject
Global
	GlobalSection(SolutionConfigurationPlatforms) = preSolution
		Debug|Any CPU = Debug|Any CPU
		Debug|x64 = Debug|x64
		Release|Any CPU = Release|Any CPU
		Release|x64 = Release|x64
	EndGlobalSection
	GlobalSection(ProjectConfigurationPlatforms) = postSolution
		{97132161-4682-4265-823F-DAD72C61A8FE}.Debug|Any CPU.ActiveCfg = Debug|Any CPU
		{97132161-4682-4265-823F-DAD72C61A8FE}.Debug|Any CPU.Build.0 = Debug|Any CPU
		{97132161-4682-4265-823F-DAD72C61A8FE}.Debug|x64.ActiveCfg = Debug|x64
		{97132161-4682-4265-823F-DAD72C61A8FE}.Debug|x64.Build.0 = Debug|x64
		{97132161-4682-4265-823F-DAD72C61A8FE}.Release|Any CPU.ActiveCfg = Release|Any CPU
		{97132161-4682-4265-823F-DAD72C61A8FE}.Release|Any CPU.Build.0 = Release|Any CPU
		{97132161-4682-4265-823F-DAD72C61A8FE}.Release|x64.ActiveCfg = Release|x64
		{97132161-4682-4265-823F-DAD72C61A8FE}.Release|x64.Build.0 = Release|x64
	EndGlobalSection
	GlobalSection(SolutionProperties) = preSolution
		HideSolutionNode = FALSE
	EndGlobalSection
	GlobalSection(ExtensibilityGlobals) = postSolution
		SolutionGuid = {BD9CB89E-4EC0-4FC1-9E13-073A9D697DFB}
	EndGlobalSection
EndGlobal
